
Microsoft Visual Studio Solution File, Format Version 12.00
# Visual Studio Version 16
VisualStudioVersion = 16.0.31613.86
MinimumVisualStudioVersion = 10.0.40219.1
Project("{FAE04EC0-301F-11D3-BF4B-00C04F79EFBC}") = "UserCityFilterApplication", "UserCityFilterApplication.csproj", "{7716592A-D535-4C91-BCC5-483ADF230568}"
EndProject
Global
	GlobalSection(SolutionConfigurationPlatforms) = preSolution
		Debug|Any CPU = Debug|Any CPU
		Release|Any CPU = Release|Any CPU
	EndGlobalSection
	GlobalSection(ProjectConfigurationPlatforms) = postSolution
		{7716592A-D535-4C91-BCC5-483ADF230568}.Debug|Any CPU.ActiveCfg = Debug|Any CPU
		{7716592A-D535-4C91-BCC5-483ADF230568}.Debug|Any CPU.Build.0 = Debug|Any CPU
		{7716592A-D535-4C91-BCC5-483ADF230568}.Release|Any CPU.ActiveCfg = Release|Any CPU
		{7716592A-D535-4C91-BCC5-483ADF230568}.Release|Any CPU.Build.0 = Release|Any CPU
	EndGlobalSection
	GlobalSection(SolutionProperties) = preSolution
		HideSolutionNode = FALSE
	EndGlobalSection
	GlobalSection(ExtensibilityGlobals) = postSolution
		SolutionGuid = {53B98E86-DDD7-4EAB-B5D4-0C95CD0DB12C}
	EndGlobalSection
EndGlobal
